// !$*UTF8*$!
{
	archiveVersion = 1;
	classes = {
	};
	objectVersion = 50;
	objects = {

/* Begin PBXBuildFile section */
		191DC39E258FB3760068E4ED /* AppDelegate.swift in Sources */ = {isa = PBXBuildFile; fileRef = 191DC39D258FB3760068E4ED /* AppDelegate.swift */; };
		191DC3A0258FB3760068E4ED /* SceneDelegate.swift in Sources */ = {isa = PBXBuildFile; fileRef = 191DC39F258FB3760068E4ED /* SceneDelegate.swift */; };
		191DC3A2258FB3760068E4ED /* ViewController.swift in Sources */ = {isa = PBXBuildFile; fileRef = 191DC3A1258FB3760068E4ED /* ViewController.swift */; };
		191DC3A5258FB3760068E4ED /* Main.storyboard in Resources */ = {isa = PBXBuildFile; fileRef = 191DC3A3258FB3760068E4ED /* Main.storyboard */; };
		191DC3A7258FB3770068E4ED /* Assets.xcassets in Resources */ = {isa = PBXBuildFile; fileRef = 191DC3A6258FB3770068E4ED /* Assets.xcassets */; };
		191DC3AA258FB3770068E4ED /* LaunchScreen.storyboard in Resources */ = {isa = PBXBuildFile; fileRef = 191DC3A8258FB3770068E4ED /* LaunchScreen.storyboard */; };
		191DC3B3258FB4C20068E4ED /* SideMenuViewController.swift in Sources */ = {isa = PBXBuildFile; fileRef = 191DC3B2258FB4C20068E4ED /* SideMenuViewController.swift */; };
		191DC3B6258FB60D0068E4ED /* ChildViewFuncs.swift in Sources */ = {isa = PBXBuildFile; fileRef = 191DC3B5258FB60D0068E4ED /* ChildViewFuncs.swift */; };
		191DC3BD258FE4590068E4ED /* TableViewCell.swift in Sources */ = {isa = PBXBuildFile; fileRef = 191DC3BC258FE4590068E4ED /* TableViewCell.swift */; };
/* End PBXBuildFile section */

/* Begin PBXFileReference section */
		191DC39A258FB3760068E4ED /* sideMenu.app */ = {isa = PBXFileReference; explicitFileType = wrapper.application; includeInIndex = 0; path = sideMenu.app; sourceTree = BUILT_PRODUCTS_DIR; };
		191DC39D258FB3760068E4ED /* AppDelegate.swift */ = {isa = PBXFileReference; lastKnownFileType = sourcecode.swift; path = AppDelegate.swift; sourceTree = "<group>"; };
		191DC39F258FB3760068E4ED /* SceneDelegate.swift */ = {isa = PBXFileReference; lastKnownFileType = sourcecode.swift; path = SceneDelegate.swift; sourceTree = "<group>"; };
		191DC3A1258FB3760068E4ED /* ViewController.swift */ = {isa = PBXFileReference; lastKnownFileType = sourcecode.swift; path = ViewController.swift; sourceTree = "<group>"; };
		191DC3A4258FB3760068E4ED /* Base */ = {isa = PBXFileReference; lastKnownFileType = file.storyboard; name = Base; path = Base.lproj/Main.storyboard; sourceTree = "<group>"; };
		191DC3A6258FB3770068E4ED /* Assets.xcassets */ = {isa = PBXFileReference; lastKnownFileType = folder.assetcatalog; path = Assets.xcassets; sourceTree = "<group>"; };
		191DC3A9258FB3770068E4ED /* Base */ = {isa = PBXFileReference; lastKnownFileType = file.storyboard; name = Base; path = Base.lproj/LaunchScreen.storyboard; sourceTree = "<group>"; };
		191DC3AB258FB3770068E4ED /* Info.plist */ = {isa = PBXFileReference; lastKnownFileType = text.plist.xml; path = Info.plist; sourceTree = "<group>"; };
		191DC3B2258FB4C20068E4ED /* SideMenuViewController.swift */ = {isa = PBXFileReference; lastKnownFileType = sourcecode.swift; path = SideMenuViewController.swift; sourceTree = "<group>"; };
		191DC3B5258FB60D0068E4ED /* ChildViewFuncs.swift */ = {isa = PBXFileReference; lastKnownFileType = sourcecode.swift; path = ChildViewFuncs.swift; sourceTree = "<group>"; };
		191DC3BC258FE4590068E4ED /* TableViewCell.swift */ = {isa = PBXFileReference; lastKnownFileType = sourcecode.swift; path = TableViewCell.swift; sourceTree = "<group>"; };
/* End PBXFileReference section */

/* Begin PBXFrameworksBuildPhase section */
		191DC397258FB3760068E4ED /* Frameworks */ = {
			isa = PBXFrameworksBuildPhase;
			buildActionMask = 2147483647;
			files = (
			);
			runOnlyForDeploymentPostprocessing = 0;
		};
/* End PBXFrameworksBuildPhase section */

/* Begin PBXGroup section */
		191DC391258FB3760068E4ED = {
			isa = PBXGroup;
			children = (
				191DC39C258FB3760068E4ED /* sideMenu */,
				191DC39B258FB3760068E4ED /* Products */,
			);
			sourceTree = "<group>";
		};
		191DC39B258FB3760068E4ED /* Products */ = {
			isa = PBXGroup;
			children = (
				191DC39A258FB3760068E4ED /* sideMenu.app */,
			);
			name = Products;
			sourceTree = "<group>";
		};
		191DC39C258FB3760068E4ED /* sideMenu */ = {
			isa = PBXGroup;
			children = (
				191DC3BC258FE4590068E4ED /* TableViewCell.swift */,
				191DC39D258FB3760068E4ED /* AppDelegate.swift */,
				191DC39F258FB3760068E4ED /* SceneDelegate.swift */,
				191DC3A1258FB3760068E4ED /* ViewController.swift */,
				191DC3B2258FB4C20068E4ED /* SideMenuViewController.swift */,
				191DC3B5258FB60D0068E4ED /* ChildViewFuncs.swift */,
				191DC3A3258FB3760068E4ED /* Main.storyboard */,
				191DC3A6258FB3770068E4ED /* Assets.xcassets */,
				191DC3A8258FB3770068E4ED /* LaunchScreen.storyboard */,
				191DC3AB258FB3770068E4ED /* Info.plist */,
			);
			path = sideMenu;
			sourceTree = "<group>";
		};
/* End PBXGroup section */

/* Begin PBXNativeTarget section */
		191DC399258FB3760068E4ED /* sideMenu */ = {
			isa = PBXNativeTarget;
			buildConfigurationList = 191DC3AE258FB3770068E4ED /* Build configuration list for PBXNativeTarget "sideMenu" */;
			buildPhases = (
				191DC396258FB3760068E4ED /* Sources */,
				191DC397258FB3760068E4ED /* Frameworks */,
				191DC398258FB3760068E4ED /* Resources */,
			);
			buildRules = (
			);
			dependencies = (
			);
			name = sideMenu;
			productName = sideMenu;
			productReference = 191DC39A258FB3760068E4ED /* sideMenu.app */;
			productType = "com.apple.product-type.application";
		};
/* End PBXNativeTarget section */

/* Begin PBXProject section */
		191DC392258FB3760068E4ED /* Project object */ = {
			isa = PBXProject;
			attributes = {
				LastSwiftUpdateCheck = 1210;
				LastUpgradeCheck = 1210;
				TargetAttributes = {
					191DC399258FB3760068E4ED = {
						CreatedOnToolsVersion = 12.1;
					};
				};
			};
			buildConfigurationList = 191DC395258FB3760068E4ED /* Build configuration list for PBXProject "sideMenu" */;
			compatibilityVersion = "Xcode 9.3";
			developmentRegion = en;
			hasScannedForEncodings = 0;
			knownRegions = (
				en,
				Base,
			);
			mainGroup = 191DC391258FB3760068E4ED;
			productRefGroup = 191DC39B258FB3760068E4ED /* Products */;
			projectDirPath = "";
			projectRoot = "";
			targets = (
				191DC399258FB3760068E4ED /* sideMenu */,
			);
		};
/* End PBXProject section */

/* Begin PBXResourcesBuildPhase section */
		191DC398258FB3760068E4ED /* Resources */ = {
			isa = PBXResourcesBuildPhase;
			buildActionMask = 2147483647;
			files = (
				191DC3AA258FB3770068E4ED /* LaunchScreen.storyboard in Resources */,
				191DC3A7258FB3770068E4ED /* Assets.xcassets in Resources */,
				191DC3A5258FB3760068E4ED /* Main.storyboard in Resources */,
			);
			runOnlyForDeploymentPostprocessing = 0;
		};
/* End PBXResourcesBuildPhase section */

/* Begin PBXSourcesBuildPhase section */
		191DC396258FB3760068E4ED /* Sources */ = {
			isa = PBXSourcesBuildPhase;
			buildActionMask = 2147483647;
			files = (
				191DC3B3258FB4C20068E4ED /* SideMenuViewController.swift in Sources */,
				191DC3A2258FB3760068E4ED /* ViewController.swift in Sources */,
				191DC3B6258FB60D0068E4ED /* ChildViewFuncs.swift in Sources */,
				191DC3BD258FE4590068E4ED /* TableViewCell.swift in Sources */,
				191DC39E258FB3760068E4ED /* AppDelegate.swift in Sources */,
				191DC3A0258FB3760068E4ED /* SceneDelegate.swift in Sources */,
			);
			runOnlyForDeploymentPostprocessing = 0;
		};
/* End PBXSourcesBuildPhase section */

/* Begin PBXVariantGroup section */
		191DC3A3258FB3760068E4ED /* Main.storyboard */ = {
			isa = PBXVariantGroup;
			children = (
				191DC3A4258FB3760068E4ED /* Base */,
			);
			name = Main.storyboard;
			sourceTree = "<group>";
		};
		191DC3A8258FB3770068E4ED /* LaunchScreen.storyboard */ = {
			isa = PBXVariantGroup;
			children = (
				191DC3A9258FB3770068E4ED /* Base */,
			);
			name = LaunchScreen.storyboard;
			sourceTree = "<group>";
		};
/* End PBXVariantGroup section */

/* Begin XCBuildConfiguration section */
		191DC3AC258FB3770068E4ED /* Debug */ = {
			isa = XCBuildConfiguration;
			buildSettings = {
				ALWAYS_SEARCH_USER_PATHS = NO;
				CLANG_ANALYZER_NONNULL = YES;
				CLANG_ANALYZER_NUMBER_OBJECT_CONVERSION = YES_AGGRESSIVE;
				CLANG_CXX_LANGUAGE_STANDARD = "gnu++14";
				CLANG_CXX_LIBRARY = "libc++";
				CLANG_ENABLE_MODULES = YES;
				CLANG_ENABLE_OBJC_ARC = YES;
				CLANG_ENABLE_OBJC_WEAK = YES;
				CLANG_WARN_BLOCK_CAPTURE_AUTORELEASING = YES;
				CLANG_WARN_BOOL_CONVERSION = YES;
				CLANG_WARN_COMMA = YES;
				CLANG_WARN_CONSTANT_CONVERSION = YES;
				CLANG_WARN_DEPRECATED_OBJC_IMPLEMENTATIONS = YES;
				CLANG_WARN_DIRECT_OBJC_ISA_USAGE = YES_ERROR;
				CLANG_WARN_DOCUMENTATION_COMMENTS = YES;
				CLANG_WARN_EMPTY_BODY = YES;
				CLANG_WARN_ENUM_CONVERSION = YES;
				CLANG_WARN_INFINITE_RECURSION = YES;
				CLANG_WARN_INT_CONVERSION = YES;
				CLANG_WARN_NON_LITERAL_NULL_CONVERSION = YES;
				CLANG_WARN_OBJC_IMPLICIT_RETAIN_SELF = YES;
				CLANG_WARN_OBJC_LITERAL_CONVERSION = YES;
				CLANG_WARN_OBJC_ROOT_CLASS = YES_ERROR;
				CLANG_WARN_QUOTED_INCLUDE_IN_FRAMEWORK_HEADER = YES;
				CLANG_WARN_RANGE_LOOP_ANALYSIS = YES;
				CLANG_WARN_STRICT_PROTOTYPES = YES;
				CLANG_WARN_SUSPICIOUS_MOVE = YES;
				CLANG_WARN_UNGUARDED_AVAILABILITY = YES_AGGRESSIVE;
				CLANG_WARN_UNREACHABLE_CODE = YES;
				CLANG_WARN__DUPLICATE_METHOD_MATCH = YES;
				COPY_PHASE_STRIP = NO;
				DEBUG_INFORMATION_FORMAT = dwarf;
				ENABLE_STRICT_OBJC_MSGSEND = YES;
				ENABLE_TESTABILITY = YES;
				GCC_C_LANGUAGE_STANDARD = gnu11;
				GCC_DYNAMIC_NO_PIC = NO;
				GCC_NO_COMMON_BLOCKS = YES;
				GCC_OPTIMIZATION_LEVEL = 0;
				GCC_PREPROCESSOR_DEFINITIONS = (
					"DEBUG=1",
					"$(inherited)",
				);
				GCC_WARN_64_TO_32_BIT_CONVERSION = YES;
				GCC_WARN_ABOUT_RETURN_TYPE = YES_ERROR;
				GCC_WARN_UNDECLARED_SELECTOR = YES;
				GCC_WARN_UNINITIALIZED_AUTOS = YES_AGGRESSIVE;
				GCC_WARN_UNUSED_FUNCTION = YES;
				GCC_WARN_UNUSED_VARIABLE = YES;
				IPHONEOS_DEPLOYMENT_TARGET = 14.1;
				MTL_ENABLE_DEBUG_INFO = INCLUDE_SOURCE;
				MTL_FAST_MATH = YES;
				ONLY_ACTIVE_ARCH = YES;
				SDKROOT = iphoneos;
				SWIFT_ACTIVE_COMPILATION_CONDITIONS = DEBUG;
				SWIFT_OPTIMIZATION_LEVEL = "-Onone";
			};
			name = Debug;
		};
		191DC3AD258FB3770068E4ED /* Release */ = {
			isa = XCBuildConfiguration;
			buildSettings = {
				ALWAYS_SEARCH_USER_PATHS = NO;
				CLANG_ANALYZER_NONNULL = YES;
				CLANG_ANALYZER_NUMBER_OBJECT_CONVERSION = YES_AGGRESSIVE;
				CLANG_CXX_LANGUAGE_STANDARD = "gnu++14";
				CLANG_CXX_LIBRARY = "libc++";
				CLANG_ENABLE_MODULES = YES;
				CLANG_ENABLE_OBJC_ARC = YES;
				CLANG_ENABLE_OBJC_WEAK = YES;
				CLANG_WARN_BLOCK_CAPTURE_AUTORELEASING = YES;
				CLANG_WARN_BOOL_CONVERSION = YES;
				CLANG_WARN_COMMA = YES;
				CLANG_WARN_CONSTANT_CONVERSION = YES;
				CLANG_WARN_DEPRECATED_OBJC_IMPLEMENTATIONS = YES;
				CLANG_WARN_DIRECT_OBJC_ISA_USAGE = YES_ERROR;
				CLANG_WARN_DOCUMENTATION_COMMENTS = YES;
				CLANG_WARN_EMPTY_BODY = YES;
				CLANG_WARN_ENUM_CONVERSION = YES;
				CLANG_WARN_INFINITE_RECURSION = YES;
				CLANG_WARN_INT_CONVERSION = YES;
				CLANG_WARN_NON_LITERAL_NULL_CONVERSION = YES;
				CLANG_WARN_OBJC_IMPLICIT_RETAIN_SELF = YES;
				CLANG_WARN_OBJC_LITERAL_CONVERSION = YES;
				CLANG_WARN_OBJC_ROOT_CLASS = YES_ERROR;
				CLANG_WARN_QUOTED_INCLUDE_IN_FRAMEWORK_HEADER = YES;
				CLANG_WARN_RANGE_LOOP_ANALYSIS = YES;
				CLANG_WARN_STRICT_PROTOTYPES = YES;
				CLANG_WARN_SUSPICIOUS_MOVE = YES;
				CLANG_WARN_UNGUARDED_AVAILABILITY = YES_AGGRESSIVE;
				CLANG_WARN_UNREACHABLE_CODE = YES;
				CLANG_WARN__DUPLICATE_METHOD_MATCH = YES;
				COPY_PHASE_STRIP = NO;
				DEBUG_INFORMATION_FORMAT = "dwarf-with-dsym";
				ENABLE_NS_ASSERTIONS = NO;
				ENABLE_STRICT_OBJC_MSGSEND = YES;
				GCC_C_LANGUAGE_STANDARD = gnu11;
				GCC_NO_COMMON_BLOCKS = YES;
				GCC_WARN_64_TO_32_BIT_CONVERSION = YES;
				GCC_WARN_ABOUT_RETURN_TYPE = YES_ERROR;
				GCC_WARN_UNDECLARED_SELECTOR = YES;
				GCC_WARN_UNINITIALIZED_AUTOS = YES_AGGRESSIVE;
				GCC_WARN_UNUSED_FUNCTION = YES;
				GCC_WARN_UNUSED_VARIABLE = YES;
				IPHONEOS_DEPLOYMENT_TARGET = 14.1;
				MTL_ENABLE_DEBUG_INFO = NO;
				MTL_FAST_MATH = YES;
				SDKROOT = iphoneos;
				SWIFT_COMPILATION_MODE = wholemodule;
				SWIFT_OPTIMIZATION_LEVEL = "-O";
				VALIDATE_PRODUCT = YES;
			};
			name = Release;
		};
		191DC3AF258FB3770068E4ED /* Debug */ = {
			isa = XCBuildConfiguration;
			buildSettings = {
				ASSETCATALOG_COMPILER_APPICON_NAME = AppIcon;
				ASSETCATALOG_COMPILER_GLOBAL_ACCENT_COLOR_NAME = AccentColor;
				CODE_SIGN_STYLE = Automatic;
				DEVELOPMENT_TEAM = J239Y866GU;
				INFOPLIST_FILE = sideMenu/Info.plist;
				IPHONEOS_DEPLOYMENT_TARGET = 11.0;
				LD_RUNPATH_SEARCH_PATHS = (
					"$(inherited)",
					"@executable_path/Frameworks",
				);
				PRODUCT_BUNDLE_IDENTIFIER = com.leftsideMenu;
				PRODUCT_NAME = "$(TARGET_NAME)";
				SWIFT_VERSION = 5.0;
				TARGETED_DEVICE_FAMILY = "1,2";
			};
			name = Debug;
		};
		191DC3B0258FB3770068E4ED /* Release */ = {
			isa = XCBuildConfiguration;
			buildSettings = {
				ASSETCATALOG_COMPILER_APPICON_NAME = AppIcon;
				ASSETCATALOG_COMPILER_GLOBAL_ACCENT_COLOR_NAME = AccentColor;
				CODE_SIGN_STYLE = Automatic;
				DEVELOPMENT_TEAM = J239Y866GU;
				INFOPLIST_FILE = sideMenu/Info.plist;
				IPHONEOS_DEPLOYMENT_TARGET = 11.0;
				LD_RUNPATH_SEARCH_PATHS = (
					"$(inherited)",
					"@executable_path/Frameworks",
				);
				PRODUCT_BUNDLE_IDENTIFIER = com.leftsideMenu;
				PRODUCT_NAME = "$(TARGET_NAME)";
				SWIFT_VERSION = 5.0;
				TARGETED_DEVICE_FAMILY = "1,2";
			};
			name = Release;
		};
/* End XCBuildConfiguration section */

/* Begin XCConfigurationList section */
		191DC395258FB3760068E4ED /* Build configuration list for PBXProject "sideMenu" */ = {
			isa = XCConfigurationList;
			buildConfigurations = (
				191DC3AC258FB3770068E4ED /* Debug */,
				191DC3AD258FB3770068E4ED /* Release */,
			);
			defaultConfigurationIsVisible = 0;
			defaultConfigurationName = Release;
		};
		191DC3AE258FB3770068E4ED /* Build configuration list for PBXNativeTarget "sideMenu" */ = {
			isa = XCConfigurationList;
			buildConfigurations = (
				191DC3AF258FB3770068E4ED /* Debug */,
				191DC3B0258FB3770068E4ED /* Release */,
			);
			defaultConfigurationIsVisible = 0;
			defaultConfigurationName = Release;
		};
/* End XCConfigurationList section */
	};
	rootObject = 191DC392258FB3760068E4ED /* Project object */;
}
